
Microsoft Visual Studio Solution File, Format Version 12.00
# Visual Studio Version 16
VisualStudioVersion = 16.0.30503.244
MinimumVisualStudioVersion = 10.0.40219.1
Project("{9A19103F-16F7-4668-BE54-9A1E7A4F7556}") = "WebAPI", "WebAPI\WebAPI.csproj", "{B16C9D3D-5CAD-4C28-B647-B94BAED4D71F}"
EndProject
Project("{9A19103F-16F7-4668-BE54-9A1E7A4F7556}") = "IoC", "IoC\IoC.csproj", "{7DA87890-E18A-4729-92E4-3C7DC4AB2639}"
EndProject
Project("{FAE04EC0-301F-11D3-BF4B-00C04F79EFBC}") = "Domain", "Domain\Domain.csproj", "{48342656-12AF-4A3E-AF91-6BB68C52B005}"
EndProject
Project("{FAE04EC0-301F-11D3-BF4B-00C04F79EFBC}") = "Infra", "Infra\Infra.csproj", "{08309072-54A0-48D3-9D41-706428939D95}"
EndProject
Project("{FAE04EC0-301F-11D3-BF4B-00C04F79EFBC}") = "Service", "Service\Service.csproj", "{D67CA6AB-9659-4484-B661-92054135C29C}"
EndProject
Global
	GlobalSection(SolutionConfigurationPlatforms) = preSolution
		Debug|Any CPU = Debug|Any CPU
		Release|Any CPU = Release|Any CPU
	EndGlobalSection
	GlobalSection(ProjectConfigurationPlatforms) = postSolution
		{B16C9D3D-5CAD-4C28-B647-B94BAED4D71F}.Debug|Any CPU.ActiveCfg = Debug|Any CPU
		{B16C9D3D-5CAD-4C28-B647-B94BAED4D71F}.Debug|Any CPU.Build.0 = Debug|Any CPU
		{B16C9D3D-5CAD-4C28-B647-B94BAED4D71F}.Release|Any CPU.ActiveCfg = Release|Any CPU
		{B16C9D3D-5CAD-4C28-B647-B94BAED4D71F}.Release|Any CPU.Build.0 = Release|Any CPU
		{7DA87890-E18A-4729-92E4-3C7DC4AB2639}.Debug|Any CPU.ActiveCfg = Debug|Any CPU
		{7DA87890-E18A-4729-92E4-3C7DC4AB2639}.Debug|Any CPU.Build.0 = Debug|Any CPU
		{7DA87890-E18A-4729-92E4-3C7DC4AB2639}.Release|Any CPU.ActiveCfg = Release|Any CPU
		{7DA87890-E18A-4729-92E4-3C7DC4AB2639}.Release|Any CPU.Build.0 = Release|Any CPU
		{48342656-12AF-4A3E-AF91-6BB68C52B005}.Debug|Any CPU.ActiveCfg = Debug|Any CPU
		{48342656-12AF-4A3E-AF91-6BB68C52B005}.Debug|Any CPU.Build.0 = Debug|Any CPU
		{48342656-12AF-4A3E-AF91-6BB68C52B005}.Release|Any CPU.ActiveCfg = Release|Any CPU
		{48342656-12AF-4A3E-AF91-6BB68C52B005}.Release|Any CPU.Build.0 = Release|Any CPU
		{08309072-54A0-48D3-9D41-706428939D95}.Debug|Any CPU.ActiveCfg = Debug|Any CPU
		{08309072-54A0-48D3-9D41-706428939D95}.Debug|Any CPU.Build.0 = Debug|Any CPU
		{08309072-54A0-48D3-9D41-706428939D95}.Release|Any CPU.ActiveCfg = Release|Any CPU
		{08309072-54A0-48D3-9D41-706428939D95}.Release|Any CPU.Build.0 = Release|Any CPU
		{D67CA6AB-9659-4484-B661-92054135C29C}.Debug|Any CPU.ActiveCfg = Debug|Any CPU
		{D67CA6AB-9659-4484-B661-92054135C29C}.Debug|Any CPU.Build.0 = Debug|Any CPU
		{D67CA6AB-9659-4484-B661-92054135C29C}.Release|Any CPU.ActiveCfg = Release|Any CPU
		{D67CA6AB-9659-4484-B661-92054135C29C}.Release|Any CPU.Build.0 = Release|Any CPU
	EndGlobalSection
	GlobalSection(SolutionProperties) = preSolution
		HideSolutionNode = FALSE
	EndGlobalSection
	GlobalSection(ExtensibilityGlobals) = postSolution
		SolutionGuid = {22C2D443-1846-48E1-8B19-4B0619D7ED7C}
	EndGlobalSection
EndGlobal
